
Microsoft Visual Studio Solution File, Format Version 12.00
# Visual Studio Version 16
VisualStudioVersion = 16.0.29728.190
MinimumVisualStudioVersion = 10.0.40219.1
Project("{FAE04EC0-301F-11D3-BF4B-00C04F79EFBC}") = "ApiBodega", "ApiBodega\ApiBodega.csproj", "{48D705B6-1D60-4A88-A78D-982BD44B966E}"
EndProject
Global
	GlobalSection(SolutionConfigurationPlatforms) = preSolution
		Debug|Any CPU = Debug|Any CPU
		Release|Any CPU = Release|Any CPU
	EndGlobalSection
	GlobalSection(ProjectConfigurationPlatforms) = postSolution
		{48D705B6-1D60-4A88-A78D-982BD44B966E}.Debug|Any CPU.ActiveCfg = Debug|Any CPU
		{48D705B6-1D60-4A88-A78D-982BD44B966E}.Debug|Any CPU.Build.0 = Debug|Any CPU
		{48D705B6-1D60-4A88-A78D-982BD44B966E}.Release|Any CPU.ActiveCfg = Release|Any CPU
		{48D705B6-1D60-4A88-A78D-982BD44B966E}.Release|Any CPU.Build.0 = Release|Any CPU
	EndGlobalSection
	GlobalSection(SolutionProperties) = preSolution
		HideSolutionNode = FALSE
	EndGlobalSection
	GlobalSection(ExtensibilityGlobals) = postSolution
		SolutionGuid = {7B1E4AF0-F897-407B-9DFF-22D4EC86A2A3}
	EndGlobalSection
EndGlobal
